// !$*UTF8*$!
{
	archiveVersion = 1;
	classes = {
	};
	objectVersion = 50;
	objects = {

/* Begin PBXBuildFile section */
		62B3AA6A243440CB00560F6F /* AppDelegate.swift in Sources */ = {isa = PBXBuildFile; fileRef = 62B3AA69243440CB00560F6F /* AppDelegate.swift */; };
		62B3AA6C243440CB00560F6F /* ViewController.swift in Sources */ = {isa = PBXBuildFile; fileRef = 62B3AA6B243440CB00560F6F /* ViewController.swift */; };
		62B3AA6F243440CB00560F6F /* Main.storyboard in Resources */ = {isa = PBXBuildFile; fileRef = 62B3AA6D243440CB00560F6F /* Main.storyboard */; };
		62B3AA71243440CE00560F6F /* Assets.xcassets in Resources */ = {isa = PBXBuildFile; fileRef = 62B3AA70243440CE00560F6F /* Assets.xcassets */; };
		62B3AA74243440CE00560F6F /* LaunchScreen.storyboard in Resources */ = {isa = PBXBuildFile; fileRef = 62B3AA72243440CE00560F6F /* LaunchScreen.storyboard */; };
		62B3AA7F243440CE00560F6F /* timetestTests.swift in Sources */ = {isa = PBXBuildFile; fileRef = 62B3AA7E243440CE00560F6F /* timetestTests.swift */; };
		62B3AA8A243440CE00560F6F /* timetestUITests.swift in Sources */ = {isa = PBXBuildFile; fileRef = 62B3AA89243440CE00560F6F /* timetestUITests.swift */; };
		62B3AA8F243440CE00560F6F /* timetest WatchKit App.app in Embed Watch Content */ = {isa = PBXBuildFile; fileRef = 62B3AA8E243440CE00560F6F /* timetest WatchKit App.app */; };
		62B3AA95243440CE00560F6F /* Interface.storyboard in Resources */ = {isa = PBXBuildFile; fileRef = 62B3AA93243440CE00560F6F /* Interface.storyboard */; };
		62B3AA97243440CE00560F6F /* Assets.xcassets in Resources */ = {isa = PBXBuildFile; fileRef = 62B3AA96243440CE00560F6F /* Assets.xcassets */; };
		62B3AA9E243440CE00560F6F /* timetest WatchKit Extension.appex in Embed App Extensions */ = {isa = PBXBuildFile; fileRef = 62B3AA9D243440CE00560F6F /* timetest WatchKit Extension.appex */; settings = {ATTRIBUTES = (RemoveHeadersOnCopy, ); }; };
		62B3AAA3243440CE00560F6F /* InterfaceController.swift in Sources */ = {isa = PBXBuildFile; fileRef = 62B3AAA2243440CE00560F6F /* InterfaceController.swift */; };
		62B3AAA5243440CE00560F6F /* ExtensionDelegate.swift in Sources */ = {isa = PBXBuildFile; fileRef = 62B3AAA4243440CE00560F6F /* ExtensionDelegate.swift */; };
		62B3AAA7243440CE00560F6F /* NotificationController.swift in Sources */ = {isa = PBXBuildFile; fileRef = 62B3AAA6243440CE00560F6F /* NotificationController.swift */; };
		62B3AAA9243440CF00560F6F /* Assets.xcassets in Resources */ = {isa = PBXBuildFile; fileRef = 62B3AAA8243440CF00560F6F /* Assets.xcassets */; };
/* End PBXBuildFile section */

/* Begin PBXContainerItemProxy section */
		62B3AA7B243440CE00560F6F /* PBXContainerItemProxy */ = {
			isa = PBXContainerItemProxy;
			containerPortal = 62B3AA5E243440CB00560F6F /* Project object */;
			proxyType = 1;
			remoteGlobalIDString = 62B3AA65243440CB00560F6F;
			remoteInfo = timetest;
		};
		62B3AA86243440CE00560F6F /* PBXContainerItemProxy */ = {
			isa = PBXContainerItemProxy;
			containerPortal = 62B3AA5E243440CB00560F6F /* Project object */;
			proxyType = 1;
			remoteGlobalIDString = 62B3AA65243440CB00560F6F;
			remoteInfo = timetest;
		};
		62B3AA90243440CE00560F6F /* PBXContainerItemProxy */ = {
			isa = PBXContainerItemProxy;
			containerPortal = 62B3AA5E243440CB00560F6F /* Project object */;
			proxyType = 1;
			remoteGlobalIDString = 62B3AA8D243440CE00560F6F;
			remoteInfo = "timetest WatchKit App";
		};
		62B3AA9F243440CE00560F6F /* PBXContainerItemProxy */ = {
			isa = PBXContainerItemProxy;
			containerPortal = 62B3AA5E243440CB00560F6F /* Project object */;
			proxyType = 1;
			remoteGlobalIDString = 62B3AA9C243440CE00560F6F;
			remoteInfo = "timetest WatchKit Extension";
		};
/* End PBXContainerItemProxy section */

/* Begin PBXCopyFilesBuildPhase section */
		62B3AAB1243440CF00560F6F /* Embed App Extensions */ = {
			isa = PBXCopyFilesBuildPhase;
			buildActionMask = 2147483647;
			dstPath = "";
			dstSubfolderSpec = 13;
			files = (
				62B3AA9E243440CE00560F6F /* timetest WatchKit Extension.appex in Embed App Extensions */,
			);
			name = "Embed App Extensions";
			runOnlyForDeploymentPostprocessing = 0;
		};
		62B3AAB5243440CF00560F6F /* Embed Watch Content */ = {
			isa = PBXCopyFilesBuildPhase;
			buildActionMask = 2147483647;
			dstPath = "$(CONTENTS_FOLDER_PATH)/Watch";
			dstSubfolderSpec = 16;
			files = (
				62B3AA8F243440CE00560F6F /* timetest WatchKit App.app in Embed Watch Content */,
			);
			name = "Embed Watch Content";
			runOnlyForDeploymentPostprocessing = 0;
		};
/* End PBXCopyFilesBuildPhase section */

/* Begin PBXFileReference section */
		62B3AA66243440CB00560F6F /* timetest.app */ = {isa = PBXFileReference; explicitFileType = wrapper.application; includeInIndex = 0; path = timetest.app; sourceTree = BUILT_PRODUCTS_DIR; };
		62B3AA69243440CB00560F6F /* AppDelegate.swift */ = {isa = PBXFileReference; lastKnownFileType = sourcecode.swift; path = AppDelegate.swift; sourceTree = "<group>"; };
		62B3AA6B243440CB00560F6F /* ViewController.swift */ = {isa = PBXFileReference; lastKnownFileType = sourcecode.swift; path = ViewController.swift; sourceTree = "<group>"; };
		62B3AA6E243440CB00560F6F /* Base */ = {isa = PBXFileReference; lastKnownFileType = file.storyboard; name = Base; path = Base.lproj/Main.storyboard; sourceTree = "<group>"; };
		62B3AA70243440CE00560F6F /* Assets.xcassets */ = {isa = PBXFileReference; lastKnownFileType = folder.assetcatalog; path = Assets.xcassets; sourceTree = "<group>"; };
		62B3AA73243440CE00560F6F /* Base */ = {isa = PBXFileReference; lastKnownFileType = file.storyboard; name = Base; path = Base.lproj/LaunchScreen.storyboard; sourceTree = "<group>"; };
		62B3AA75243440CE00560F6F /* Info.plist */ = {isa = PBXFileReference; lastKnownFileType = text.plist.xml; path = Info.plist; sourceTree = "<group>"; };
		62B3AA7A243440CE00560F6F /* timetestTests.xctest */ = {isa = PBXFileReference; explicitFileType = wrapper.cfbundle; includeInIndex = 0; path = timetestTests.xctest; sourceTree = BUILT_PRODUCTS_DIR; };
		62B3AA7E243440CE00560F6F /* timetestTests.swift */ = {isa = PBXFileReference; lastKnownFileType = sourcecode.swift; path = timetestTests.swift; sourceTree = "<group>"; };
		62B3AA80243440CE00560F6F /* Info.plist */ = {isa = PBXFileReference; lastKnownFileType = text.plist.xml; path = Info.plist; sourceTree = "<group>"; };
		62B3AA85243440CE00560F6F /* timetestUITests.xctest */ = {isa = PBXFileReference; explicitFileType = wrapper.cfbundle; includeInIndex = 0; path = timetestUITests.xctest; sourceTree = BUILT_PRODUCTS_DIR; };
		62B3AA89243440CE00560F6F /* timetestUITests.swift */ = {isa = PBXFileReference; lastKnownFileType = sourcecode.swift; path = timetestUITests.swift; sourceTree = "<group>"; };
		62B3AA8B243440CE00560F6F /* Info.plist */ = {isa = PBXFileReference; lastKnownFileType = text.plist.xml; path = Info.plist; sourceTree = "<group>"; };
		62B3AA8E243440CE00560F6F /* timetest WatchKit App.app */ = {isa = PBXFileReference; explicitFileType = wrapper.application; includeInIndex = 0; path = "timetest WatchKit App.app"; sourceTree = BUILT_PRODUCTS_DIR; };
		62B3AA94243440CE00560F6F /* Base */ = {isa = PBXFileReference; lastKnownFileType = file.storyboard; name = Base; path = Base.lproj/Interface.storyboard; sourceTree = "<group>"; };
		62B3AA96243440CE00560F6F /* Assets.xcassets */ = {isa = PBXFileReference; lastKnownFileType = folder.assetcatalog; path = Assets.xcassets; sourceTree = "<group>"; };
		62B3AA98243440CE00560F6F /* Info.plist */ = {isa = PBXFileReference; lastKnownFileType = text.plist.xml; path = Info.plist; sourceTree = "<group>"; };
		62B3AA9D243440CE00560F6F /* timetest WatchKit Extension.appex */ = {isa = PBXFileReference; explicitFileType = "wrapper.app-extension"; includeInIndex = 0; path = "timetest WatchKit Extension.appex"; sourceTree = BUILT_PRODUCTS_DIR; };
		62B3AAA2243440CE00560F6F /* InterfaceController.swift */ = {isa = PBXFileReference; lastKnownFileType = sourcecode.swift; path = InterfaceController.swift; sourceTree = "<group>"; };
		62B3AAA4243440CE00560F6F /* ExtensionDelegate.swift */ = {isa = PBXFileReference; lastKnownFileType = sourcecode.swift; path = ExtensionDelegate.swift; sourceTree = "<group>"; };
		62B3AAA6243440CE00560F6F /* NotificationController.swift */ = {isa = PBXFileReference; lastKnownFileType = sourcecode.swift; path = NotificationController.swift; sourceTree = "<group>"; };
		62B3AAA8243440CF00560F6F /* Assets.xcassets */ = {isa = PBXFileReference; lastKnownFileType = folder.assetcatalog; path = Assets.xcassets; sourceTree = "<group>"; };
		62B3AAAA243440CF00560F6F /* Info.plist */ = {isa = PBXFileReference; lastKnownFileType = text.plist.xml; path = Info.plist; sourceTree = "<group>"; };
		62B3AAAB243440CF00560F6F /* PushNotificationPayload.apns */ = {isa = PBXFileReference; lastKnownFileType = text; path = PushNotificationPayload.apns; sourceTree = "<group>"; };
/* End PBXFileReference section */

/* Begin PBXFrameworksBuildPhase section */
		62B3AA63243440CB00560F6F /* Frameworks */ = {
			isa = PBXFrameworksBuildPhase;
			buildActionMask = 2147483647;
			files = (
			);
			runOnlyForDeploymentPostprocessing = 0;
		};
		62B3AA77243440CE00560F6F /* Frameworks */ = {
			isa = PBXFrameworksBuildPhase;
			buildActionMask = 2147483647;
			files = (
			);
			runOnlyForDeploymentPostprocessing = 0;
		};
		62B3AA82243440CE00560F6F /* Frameworks */ = {
			isa = PBXFrameworksBuildPhase;
			buildActionMask = 2147483647;
			files = (
			);
			runOnlyForDeploymentPostprocessing = 0;
		};
		62B3AA9A243440CE00560F6F /* Frameworks */ = {
			isa = PBXFrameworksBuildPhase;
			buildActionMask = 2147483647;
			files = (
			);
			runOnlyForDeploymentPostprocessing = 0;
		};
/* End PBXFrameworksBuildPhase section */

/* Begin PBXGroup section */
		62B3AA5D243440CB00560F6F = {
			isa = PBXGroup;
			children = (
				62B3AA68243440CB00560F6F /* timetest */,
				62B3AA7D243440CE00560F6F /* timetestTests */,
				62B3AA88243440CE00560F6F /* timetestUITests */,
				62B3AA92243440CE00560F6F /* timetest WatchKit App */,
				62B3AAA1243440CE00560F6F /* timetest WatchKit Extension */,
				62B3AA67243440CB00560F6F /* Products */,
			);
			sourceTree = "<group>";
		};
		62B3AA67243440CB00560F6F /* Products */ = {
			isa = PBXGroup;
			children = (
				62B3AA66243440CB00560F6F /* timetest.app */,
				62B3AA7A243440CE00560F6F /* timetestTests.xctest */,
				62B3AA85243440CE00560F6F /* timetestUITests.xctest */,
				62B3AA8E243440CE00560F6F /* timetest WatchKit App.app */,
				62B3AA9D243440CE00560F6F /* timetest WatchKit Extension.appex */,
			);
			name = Products;
			sourceTree = "<group>";
		};
		62B3AA68243440CB00560F6F /* timetest */ = {
			isa = PBXGroup;
			children = (
				62B3AA69243440CB00560F6F /* AppDelegate.swift */,
				62B3AA6B243440CB00560F6F /* ViewController.swift */,
				62B3AA6D243440CB00560F6F /* Main.storyboard */,
				62B3AA70243440CE00560F6F /* Assets.xcassets */,
				62B3AA72243440CE00560F6F /* LaunchScreen.storyboard */,
				62B3AA75243440CE00560F6F /* Info.plist */,
			);
			path = timetest;
			sourceTree = "<group>";
		};
		62B3AA7D243440CE00560F6F /* timetestTests */ = {
			isa = PBXGroup;
			children = (
				62B3AA7E243440CE00560F6F /* timetestTests.swift */,
				62B3AA80243440CE00560F6F /* Info.plist */,
			);
			path = timetestTests;
			sourceTree = "<group>";
		};
		62B3AA88243440CE00560F6F /* timetestUITests */ = {
			isa = PBXGroup;
			children = (
				62B3AA89243440CE00560F6F /* timetestUITests.swift */,
				62B3AA8B243440CE00560F6F /* Info.plist */,
			);
			path = timetestUITests;
			sourceTree = "<group>";
		};
		62B3AA92243440CE00560F6F /* timetest WatchKit App */ = {
			isa = PBXGroup;
			children = (
				62B3AA93243440CE00560F6F /* Interface.storyboard */,
				62B3AA96243440CE00560F6F /* Assets.xcassets */,
				62B3AA98243440CE00560F6F /* Info.plist */,
			);
			path = "timetest WatchKit App";
			sourceTree = "<group>";
		};
		62B3AAA1243440CE00560F6F /* timetest WatchKit Extension */ = {
			isa = PBXGroup;
			children = (
				62B3AAA2243440CE00560F6F /* InterfaceController.swift */,
				62B3AAA4243440CE00560F6F /* ExtensionDelegate.swift */,
				62B3AAA6243440CE00560F6F /* NotificationController.swift */,
				62B3AAA8243440CF00560F6F /* Assets.xcassets */,
				62B3AAAA243440CF00560F6F /* Info.plist */,
				62B3AAAB243440CF00560F6F /* PushNotificationPayload.apns */,
			);
			path = "timetest WatchKit Extension";
			sourceTree = "<group>";
		};
/* End PBXGroup section */

/* Begin PBXNativeTarget section */
		62B3AA65243440CB00560F6F /* timetest */ = {
			isa = PBXNativeTarget;
			buildConfigurationList = 62B3AAB6243440CF00560F6F /* Build configuration list for PBXNativeTarget "timetest" */;
			buildPhases = (
				62B3AA62243440CB00560F6F /* Sources */,
				62B3AA63243440CB00560F6F /* Frameworks */,
				62B3AA64243440CB00560F6F /* Resources */,
				62B3AAB5243440CF00560F6F /* Embed Watch Content */,
			);
			buildRules = (
			);
			dependencies = (
				62B3AA91243440CE00560F6F /* PBXTargetDependency */,
			);
			name = timetest;
			productName = timetest;
			productReference = 62B3AA66243440CB00560F6F /* timetest.app */;
			productType = "com.apple.product-type.application";
		};
		62B3AA79243440CE00560F6F /* timetestTests */ = {
			isa = PBXNativeTarget;
			buildConfigurationList = 62B3AAB9243440CF00560F6F /* Build configuration list for PBXNativeTarget "timetestTests" */;
			buildPhases = (
				62B3AA76243440CE00560F6F /* Sources */,
				62B3AA77243440CE00560F6F /* Frameworks */,
				62B3AA78243440CE00560F6F /* Resources */,
			);
			buildRules = (
			);
			dependencies = (
				62B3AA7C243440CE00560F6F /* PBXTargetDependency */,
			);
			name = timetestTests;
			productName = timetestTests;
			productReference = 62B3AA7A243440CE00560F6F /* timetestTests.xctest */;
			productType = "com.apple.product-type.bundle.unit-test";
		};
		62B3AA84243440CE00560F6F /* timetestUITests */ = {
			isa = PBXNativeTarget;
			buildConfigurationList = 62B3AABC243440CF00560F6F /* Build configuration list for PBXNativeTarget "timetestUITests" */;
			buildPhases = (
				62B3AA81243440CE00560F6F /* Sources */,
				62B3AA82243440CE00560F6F /* Frameworks */,
				62B3AA83243440CE00560F6F /* Resources */,
			);
			buildRules = (
			);
			dependencies = (
				62B3AA87243440CE00560F6F /* PBXTargetDependency */,
			);
			name = timetestUITests;
			productName = timetestUITests;
			productReference = 62B3AA85243440CE00560F6F /* timetestUITests.xctest */;
			productType = "com.apple.product-type.bundle.ui-testing";
		};
		62B3AA8D243440CE00560F6F /* timetest WatchKit App */ = {
			isa = PBXNativeTarget;
			buildConfigurationList = 62B3AAB2243440CF00560F6F /* Build configuration list for PBXNativeTarget "timetest WatchKit App" */;
			buildPhases = (
				62B3AA8C243440CE00560F6F /* Resources */,
				62B3AAB1243440CF00560F6F /* Embed App Extensions */,
			);
			buildRules = (
			);
			dependencies = (
				62B3AAA0243440CE00560F6F /* PBXTargetDependency */,
			);
			name = "timetest WatchKit App";
			productName = "timetest WatchKit App";
			productReference = 62B3AA8E243440CE00560F6F /* timetest WatchKit App.app */;
			productType = "com.apple.product-type.application.watchapp2";
		};
		62B3AA9C243440CE00560F6F /* timetest WatchKit Extension */ = {
			isa = PBXNativeTarget;
			buildConfigurationList = 62B3AAAE243440CF00560F6F /* Build configuration list for PBXNativeTarget "timetest WatchKit Extension" */;
			buildPhases = (
				62B3AA99243440CE00560F6F /* Sources */,
				62B3AA9A243440CE00560F6F /* Frameworks */,
				62B3AA9B243440CE00560F6F /* Resources */,
			);
			buildRules = (
			);
			dependencies = (
			);
			name = "timetest WatchKit Extension";
			productName = "timetest WatchKit Extension";
			productReference = 62B3AA9D243440CE00560F6F /* timetest WatchKit Extension.appex */;
			productType = "com.apple.product-type.watchkit2-extension";
		};
/* End PBXNativeTarget section */

/* Begin PBXProject section */
		62B3AA5E243440CB00560F6F /* Project object */ = {
			isa = PBXProject;
			attributes = {
				LastSwiftUpdateCheck = 0930;
				LastUpgradeCheck = 0930;
				ORGANIZATIONNAME = "franklin zhang";
				TargetAttributes = {
					62B3AA65243440CB00560F6F = {
						CreatedOnToolsVersion = 9.3.1;
					};
					62B3AA79243440CE00560F6F = {
						CreatedOnToolsVersion = 9.3.1;
						TestTargetID = 62B3AA65243440CB00560F6F;
					};
					62B3AA84243440CE00560F6F = {
						CreatedOnToolsVersion = 9.3.1;
						TestTargetID = 62B3AA65243440CB00560F6F;
					};
					62B3AA8D243440CE00560F6F = {
						CreatedOnToolsVersion = 9.3.1;
					};
					62B3AA9C243440CE00560F6F = {
						CreatedOnToolsVersion = 9.3.1;
					};
				};
			};
			buildConfigurationList = 62B3AA61243440CB00560F6F /* Build configuration list for PBXProject "timetest" */;
			compatibilityVersion = "Xcode 9.3";
			developmentRegion = en;
			hasScannedForEncodings = 0;
			knownRegions = (
				en,
				Base,
			);
			mainGroup = 62B3AA5D243440CB00560F6F;
			productRefGroup = 62B3AA67243440CB00560F6F /* Products */;
			projectDirPath = "";
			projectRoot = "";
			targets = (
				62B3AA65243440CB00560F6F /* timetest */,
				62B3AA79243440CE00560F6F /* timetestTests */,
				62B3AA84243440CE00560F6F /* timetestUITests */,
				62B3AA8D243440CE00560F6F /* timetest WatchKit App */,
				62B3AA9C243440CE00560F6F /* timetest WatchKit Extension */,
			);
		};
/* End PBXProject section */

/* Begin PBXResourcesBuildPhase section */
		62B3AA64243440CB00560F6F /* Resources */ = {
			isa = PBXResourcesBuildPhase;
			buildActionMask = 2147483647;
			files = (
				62B3AA74243440CE00560F6F /* LaunchScreen.storyboard in Resources */,
				62B3AA71243440CE00560F6F /* Assets.xcassets in Resources */,
				62B3AA6F243440CB00560F6F /* Main.storyboard in Resources */,
			);
			runOnlyForDeploymentPostprocessing = 0;
		};
		62B3AA78243440CE00560F6F /* Resources */ = {
			isa = PBXResourcesBuildPhase;
			buildActionMask = 2147483647;
			files = (
			);
			runOnlyForDeploymentPostprocessing = 0;
		};
		62B3AA83243440CE00560F6F /* Resources */ = {
			isa = PBXResourcesBuildPhase;
			buildActionMask = 2147483647;
			files = (
			);
			runOnlyForDeploymentPostprocessing = 0;
		};
		62B3AA8C243440CE00560F6F /* Resources */ = {
			isa = PBXResourcesBuildPhase;
			buildActionMask = 2147483647;
			files = (
				62B3AA97243440CE00560F6F /* Assets.xcassets in Resources */,
				62B3AA95243440CE00560F6F /* Interface.storyboard in Resources */,
			);
			runOnlyForDeploymentPostprocessing = 0;
		};
		62B3AA9B243440CE00560F6F /* Resources */ = {
			isa = PBXResourcesBuildPhase;
			buildActionMask = 2147483647;
			files = (
				62B3AAA9243440CF00560F6F /* Assets.xcassets in Resources */,
			);
			runOnlyForDeploymentPostprocessing = 0;
		};
/* End PBXResourcesBuildPhase section */

/* Begin PBXSourcesBuildPhase section */
		62B3AA62243440CB00560F6F /* Sources */ = {
			isa = PBXSourcesBuildPhase;
			buildActionMask = 2147483647;
			files = (
				62B3AA6C243440CB00560F6F /* ViewController.swift in Sources */,
				62B3AA6A243440CB00560F6F /* AppDelegate.swift in Sources */,
			);
			runOnlyForDeploymentPostprocessing = 0;
		};
		62B3AA76243440CE00560F6F /* Sources */ = {
			isa = PBXSourcesBuildPhase;
			buildActionMask = 2147483647;
			files = (
				62B3AA7F243440CE00560F6F /* timetestTests.swift in Sources */,
			);
			runOnlyForDeploymentPostprocessing = 0;
		};
		62B3AA81243440CE00560F6F /* Sources */ = {
			isa = PBXSourcesBuildPhase;
			buildActionMask = 2147483647;
			files = (
				62B3AA8A243440CE00560F6F /* timetestUITests.swift in Sources */,
			);
			runOnlyForDeploymentPostprocessing = 0;
		};
		62B3AA99243440CE00560F6F /* Sources */ = {
			isa = PBXSourcesBuildPhase;
			buildActionMask = 2147483647;
			files = (
				62B3AAA7243440CE00560F6F /* NotificationController.swift in Sources */,
				62B3AAA5243440CE00560F6F /* ExtensionDelegate.swift in Sources */,
				62B3AAA3243440CE00560F6F /* InterfaceController.swift in Sources */,
			);
			runOnlyForDeploymentPostprocessing = 0;
		};
/* End PBXSourcesBuildPhase section */

/* Begin PBXTargetDependency section */
		62B3AA7C243440CE00560F6F /* PBXTargetDependency */ = {
			isa = PBXTargetDependency;
			target = 62B3AA65243440CB00560F6F /* timetest */;
			targetProxy = 62B3AA7B243440CE00560F6F /* PBXContainerItemProxy */;
		};
		62B3AA87243440CE00560F6F /* PBXTargetDependency */ = {
			isa = PBXTargetDependency;
			target = 62B3AA65243440CB00560F6F /* timetest */;
			targetProxy = 62B3AA86243440CE00560F6F /* PBXContainerItemProxy */;
		};
		62B3AA91243440CE00560F6F /* PBXTargetDependency */ = {
			isa = PBXTargetDependency;
			target = 62B3AA8D243440CE00560F6F /* timetest WatchKit App */;
			targetProxy = 62B3AA90243440CE00560F6F /* PBXContainerItemProxy */;
		};
		62B3AAA0243440CE00560F6F /* PBXTargetDependency */ = {
			isa = PBXTargetDependency;
			target = 62B3AA9C243440CE00560F6F /* timetest WatchKit Extension */;
			targetProxy = 62B3AA9F243440CE00560F6F /* PBXContainerItemProxy */;
		};
/* End PBXTargetDependency section */

/* Begin PBXVariantGroup section */
		62B3AA6D243440CB00560F6F /* Main.storyboard */ = {
			isa = PBXVariantGroup;
			children = (
				62B3AA6E243440CB00560F6F /* Base */,
			);
			name = Main.storyboard;
			sourceTree = "<group>";
		};
		62B3AA72243440CE00560F6F /* LaunchScreen.storyboard */ = {
			isa = PBXVariantGroup;
			children = (
				62B3AA73243440CE00560F6F /* Base */,
			);
			name = LaunchScreen.storyboard;
			sourceTree = "<group>";
		};
		62B3AA93243440CE00560F6F /* Interface.storyboard */ = {
			isa = PBXVariantGroup;
			children = (
				62B3AA94243440CE00560F6F /* Base */,
			);
			name = Interface.storyboard;
			sourceTree = "<group>";
		};
/* End PBXVariantGroup section */

/* Begin XCBuildConfiguration section */
		62B3AAAC243440CF00560F6F /* Debug */ = {
			isa = XCBuildConfiguration;
			buildSettings = {
				ALWAYS_SEARCH_USER_PATHS = NO;
				CLANG_ANALYZER_NONNULL = YES;
				CLANG_ANALYZER_NUMBER_OBJECT_CONVERSION = YES_AGGRESSIVE;
				CLANG_CXX_LANGUAGE_STANDARD = "gnu++14";
				CLANG_CXX_LIBRARY = "libc++";
				CLANG_ENABLE_MODULES = YES;
				CLANG_ENABLE_OBJC_ARC = YES;
				CLANG_ENABLE_OBJC_WEAK = YES;
				CLANG_WARN_BLOCK_CAPTURE_AUTORELEASING = YES;
				CLANG_WARN_BOOL_CONVERSION = YES;
				CLANG_WARN_COMMA = YES;
				CLANG_WARN_CONSTANT_CONVERSION = YES;
				CLANG_WARN_DEPRECATED_OBJC_IMPLEMENTATIONS = YES;
				CLANG_WARN_DIRECT_OBJC_ISA_USAGE = YES_ERROR;
				CLANG_WARN_DOCUMENTATION_COMMENTS = YES;
				CLANG_WARN_EMPTY_BODY = YES;
				CLANG_WARN_ENUM_CONVERSION = YES;
				CLANG_WARN_INFINITE_RECURSION = YES;
				CLANG_WARN_INT_CONVERSION = YES;
				CLANG_WARN_NON_LITERAL_NULL_CONVERSION = YES;
				CLANG_WARN_OBJC_IMPLICIT_RETAIN_SELF = YES;
				CLANG_WARN_OBJC_LITERAL_CONVERSION = YES;
				CLANG_WARN_OBJC_ROOT_CLASS = YES_ERROR;
				CLANG_WARN_RANGE_LOOP_ANALYSIS = YES;
				CLANG_WARN_STRICT_PROTOTYPES = YES;
				CLANG_WARN_SUSPICIOUS_MOVE = YES;
				CLANG_WARN_UNGUARDED_AVAILABILITY = YES_AGGRESSIVE;
				CLANG_WARN_UNREACHABLE_CODE = YES;
				CLANG_WARN__DUPLICATE_METHOD_MATCH = YES;
				CODE_SIGN_IDENTITY = "iPhone Developer";
				COPY_PHASE_STRIP = NO;
				DEBUG_INFORMATION_FORMAT = dwarf;
				ENABLE_STRICT_OBJC_MSGSEND = YES;
				ENABLE_TESTABILITY = YES;
				GCC_C_LANGUAGE_STANDARD = gnu11;
				GCC_DYNAMIC_NO_PIC = NO;
				GCC_NO_COMMON_BLOCKS = YES;
				GCC_OPTIMIZATION_LEVEL = 0;
				GCC_PREPROCESSOR_DEFINITIONS = (
					"DEBUG=1",
					"$(inherited)",
				);
				GCC_WARN_64_TO_32_BIT_CONVERSION = YES;
				GCC_WARN_ABOUT_RETURN_TYPE = YES_ERROR;
				GCC_WARN_UNDECLARED_SELECTOR = YES;
				GCC_WARN_UNINITIALIZED_AUTOS = YES_AGGRESSIVE;
				GCC_WARN_UNUSED_FUNCTION = YES;
				GCC_WARN_UNUSED_VARIABLE = YES;
				IPHONEOS_DEPLOYMENT_TARGET = 11.3;
				MTL_ENABLE_DEBUG_INFO = YES;
				ONLY_ACTIVE_ARCH = YES;
				SDKROOT = iphoneos;
				SWIFT_ACTIVE_COMPILATION_CONDITIONS = DEBUG;
				SWIFT_OPTIMIZATION_LEVEL = "-Onone";
			};
			name = Debug;
		};
		62B3AAAD243440CF00560F6F /* Release */ = {
			isa = XCBuildConfiguration;
			buildSettings = {
				ALWAYS_SEARCH_USER_PATHS = NO;
				CLANG_ANALYZER_NONNULL = YES;
				CLANG_ANALYZER_NUMBER_OBJECT_CONVERSION = YES_AGGRESSIVE;
				CLANG_CXX_LANGUAGE_STANDARD = "gnu++14";
				CLANG_CXX_LIBRARY = "libc++";
				CLANG_ENABLE_MODULES = YES;
				CLANG_ENABLE_OBJC_ARC = YES;
				CLANG_ENABLE_OBJC_WEAK = YES;
				CLANG_WARN_BLOCK_CAPTURE_AUTORELEASING = YES;
				CLANG_WARN_BOOL_CONVERSION = YES;
				CLANG_WARN_COMMA = YES;
				CLANG_WARN_CONSTANT_CONVERSION = YES;
				CLANG_WARN_DEPRECATED_OBJC_IMPLEMENTATIONS = YES;
				CLANG_WARN_DIRECT_OBJC_ISA_USAGE = YES_ERROR;
				CLANG_WARN_DOCUMENTATION_COMMENTS = YES;
				CLANG_WARN_EMPTY_BODY = YES;
				CLANG_WARN_ENUM_CONVERSION = YES;
				CLANG_WARN_INFINITE_RECURSION = YES;
				CLANG_WARN_INT_CONVERSION = YES;
				CLANG_WARN_NON_LITERAL_NULL_CONVERSION = YES;
				CLANG_WARN_OBJC_IMPLICIT_RETAIN_SELF = YES;
				CLANG_WARN_OBJC_LITERAL_CONVERSION = YES;
				CLANG_WARN_OBJC_ROOT_CLASS = YES_ERROR;
				CLANG_WARN_RANGE_LOOP_ANALYSIS = YES;
				CLANG_WARN_STRICT_PROTOTYPES = YES;
				CLANG_WARN_SUSPICIOUS_MOVE = YES;
				CLANG_WARN_UNGUARDED_AVAILABILITY = YES_AGGRESSIVE;
				CLANG_WARN_UNREACHABLE_CODE = YES;
				CLANG_WARN__DUPLICATE_METHOD_MATCH = YES;
				CODE_SIGN_IDENTITY = "iPhone Developer";
				COPY_PHASE_STRIP = NO;
				DEBUG_INFORMATION_FORMAT = "dwarf-with-dsym";
				ENABLE_NS_ASSERTIONS = NO;
				ENABLE_STRICT_OBJC_MSGSEND = YES;
				GCC_C_LANGUAGE_STANDARD = gnu11;
				GCC_NO_COMMON_BLOCKS = YES;
				GCC_WARN_64_TO_32_BIT_CONVERSION = YES;
				GCC_WARN_ABOUT_RETURN_TYPE = YES_ERROR;
				GCC_WARN_UNDECLARED_SELECTOR = YES;
				GCC_WARN_UNINITIALIZED_AUTOS = YES_AGGRESSIVE;
				GCC_WARN_UNUSED_FUNCTION = YES;
				GCC_WARN_UNUSED_VARIABLE = YES;
				IPHONEOS_DEPLOYMENT_TARGET = 11.3;
				MTL_ENABLE_DEBUG_INFO = NO;
				SDKROOT = iphoneos;
				SWIFT_COMPILATION_MODE = wholemodule;
				SWIFT_OPTIMIZATION_LEVEL = "-O";
				VALIDATE_PRODUCT = YES;
			};
			name = Release;
		};
		62B3AAAF243440CF00560F6F /* Debug */ = {
			isa = XCBuildConfiguration;
			buildSettings = {
				ASSETCATALOG_COMPILER_COMPLICATION_NAME = Complication;
				CODE_SIGN_STYLE = Automatic;
				INFOPLIST_FILE = "timetest WatchKit Extension/Info.plist";
				LD_RUNPATH_SEARCH_PATHS = (
					"$(inherited)",
					"@executable_path/Frameworks",
					"@executable_path/../../Frameworks",
				);
				PRODUCT_BUNDLE_IDENTIFIER = zf.timetest.watchkitapp.watchkitextension;
				PRODUCT_NAME = "${TARGET_NAME}";
				SDKROOT = watchos;
				SKIP_INSTALL = YES;
				SWIFT_VERSION = 4.0;
				TARGETED_DEVICE_FAMILY = 4;
				WATCHOS_DEPLOYMENT_TARGET = 4.3;
			};
			name = Debug;
		};
		62B3AAB0243440CF00560F6F /* Release */ = {
			isa = XCBuildConfiguration;
			buildSettings = {
				ASSETCATALOG_COMPILER_COMPLICATION_NAME = Complication;
				CODE_SIGN_STYLE = Automatic;
				INFOPLIST_FILE = "timetest WatchKit Extension/Info.plist";
				LD_RUNPATH_SEARCH_PATHS = (
					"$(inherited)",
					"@executable_path/Frameworks",
					"@executable_path/../../Frameworks",
				);
				PRODUCT_BUNDLE_IDENTIFIER = zf.timetest.watchkitapp.watchkitextension;
				PRODUCT_NAME = "${TARGET_NAME}";
				SDKROOT = watchos;
				SKIP_INSTALL = YES;
				SWIFT_VERSION = 4.0;
				TARGETED_DEVICE_FAMILY = 4;
				WATCHOS_DEPLOYMENT_TARGET = 4.3;
			};
			name = Release;
		};
		62B3AAB3243440CF00560F6F /* Debug */ = {
			isa = XCBuildConfiguration;
			buildSettings = {
				ALWAYS_EMBED_SWIFT_STANDARD_LIBRARIES = YES;
				ASSETCATALOG_COMPILER_APPICON_NAME = AppIcon;
				CODE_SIGN_STYLE = Automatic;
				IBSC_MODULE = timetest_WatchKit_Extension;
				INFOPLIST_FILE = "timetest WatchKit App/Info.plist";
				PRODUCT_BUNDLE_IDENTIFIER = zf.timetest.watchkitapp;
				PRODUCT_NAME = "$(TARGET_NAME)";
				SDKROOT = watchos;
				SKIP_INSTALL = YES;
				SWIFT_VERSION = 4.0;
				TARGETED_DEVICE_FAMILY = 4;
				WATCHOS_DEPLOYMENT_TARGET = 4.3;
			};
			name = Debug;
		};
		62B3AAB4243440CF00560F6F /* Release */ = {
			isa = XCBuildConfiguration;
			buildSettings = {
				ALWAYS_EMBED_SWIFT_STANDARD_LIBRARIES = YES;
				ASSETCATALOG_COMPILER_APPICON_NAME = AppIcon;
				CODE_SIGN_STYLE = Automatic;
				IBSC_MODULE = timetest_WatchKit_Extension;
				INFOPLIST_FILE = "timetest WatchKit App/Info.plist";
				PRODUCT_BUNDLE_IDENTIFIER = zf.timetest.watchkitapp;
				PRODUCT_NAME = "$(TARGET_NAME)";
				SDKROOT = watchos;
				SKIP_INSTALL = YES;
				SWIFT_VERSION = 4.0;
				TARGETED_DEVICE_FAMILY = 4;
				WATCHOS_DEPLOYMENT_TARGET = 4.3;
			};
			name = Release;
		};
		62B3AAB7243440CF00560F6F /* Debug */ = {
			isa = XCBuildConfiguration;
			buildSettings = {
				ASSETCATALOG_COMPILER_APPICON_NAME = AppIcon;
				CODE_SIGN_STYLE = Automatic;
				INFOPLIST_FILE = timetest/Info.plist;
				LD_RUNPATH_SEARCH_PATHS = (
					"$(inherited)",
					"@executable_path/Frameworks",
				);
				PRODUCT_BUNDLE_IDENTIFIER = zf.timetest;
				PRODUCT_NAME = "$(TARGET_NAME)";
				SWIFT_VERSION = 4.0;
				TARGETED_DEVICE_FAMILY = "1,2";
			};
			name = Debug;
		};
		62B3AAB8243440CF00560F6F /* Release */ = {
			isa = XCBuildConfiguration;
			buildSettings = {
				ASSETCATALOG_COMPILER_APPICON_NAME = AppIcon;
				CODE_SIGN_STYLE = Automatic;
				INFOPLIST_FILE = timetest/Info.plist;
				LD_RUNPATH_SEARCH_PATHS = (
					"$(inherited)",
					"@executable_path/Frameworks",
				);
				PRODUCT_BUNDLE_IDENTIFIER = zf.timetest;
				PRODUCT_NAME = "$(TARGET_NAME)";
				SWIFT_VERSION = 4.0;
				TARGETED_DEVICE_FAMILY = "1,2";
			};
			name = Release;
		};
		62B3AABA243440CF00560F6F /* Debug */ = {
			isa = XCBuildConfiguration;
			buildSettings = {
				ALWAYS_EMBED_SWIFT_STANDARD_LIBRARIES = YES;
				BUNDLE_LOADER = "$(TEST_HOST)";
				CODE_SIGN_STYLE = Automatic;
				INFOPLIST_FILE = timetestTests/Info.plist;
				LD_RUNPATH_SEARCH_PATHS = (
					"$(inherited)",
					"@executable_path/Frameworks",
					"@loader_path/Frameworks",
				);
				PRODUCT_BUNDLE_IDENTIFIER = zf.timetestTests;
				PRODUCT_NAME = "$(TARGET_NAME)";
				SWIFT_VERSION = 4.0;
				TARGETED_DEVICE_FAMILY = "1,2";
				TEST_HOST = "$(BUILT_PRODUCTS_DIR)/timetest.app/timetest";
			};
			name = Debug;
		};
		62B3AABB243440CF00560F6F /* Release */ = {
			isa = XCBuildConfiguration;
			buildSettings = {
				ALWAYS_EMBED_SWIFT_STANDARD_LIBRARIES = YES;
				BUNDLE_LOADER = "$(TEST_HOST)";
				CODE_SIGN_STYLE = Automatic;
				INFOPLIST_FILE = timetestTests/Info.plist;
				LD_RUNPATH_SEARCH_PATHS = (
					"$(inherited)",
					"@executable_path/Frameworks",
					"@loader_path/Frameworks",
				);
				PRODUCT_BUNDLE_IDENTIFIER = zf.timetestTests;
				PRODUCT_NAME = "$(TARGET_NAME)";
				SWIFT_VERSION = 4.0;
				TARGETED_DEVICE_FAMILY = "1,2";
				TEST_HOST = "$(BUILT_PRODUCTS_DIR)/timetest.app/timetest";
			};
			name = Release;
		};
		62B3AABD243440CF00560F6F /* Debug */ = {
			isa = XCBuildConfiguration;
			buildSettings = {
				ALWAYS_EMBED_SWIFT_STANDARD_LIBRARIES = YES;
				CODE_SIGN_STYLE = Automatic;
				INFOPLIST_FILE = timetestUITests/Info.plist;
				LD_RUNPATH_SEARCH_PATHS = (
					"$(inherited)",
					"@executable_path/Frameworks",
					"@loader_path/Frameworks",
				);
				PRODUCT_BUNDLE_IDENTIFIER = zf.timetestUITests;
				PRODUCT_NAME = "$(TARGET_NAME)";
				SWIFT_VERSION = 4.0;
				TARGETED_DEVICE_FAMILY = "1,2";
				TEST_TARGET_NAME = timetest;
			};
			name = Debug;
		};
		62B3AABE243440CF00560F6F /* Release */ = {
			isa = XCBuildConfiguration;
			buildSettings = {
				ALWAYS_EMBED_SWIFT_STANDARD_LIBRARIES = YES;
				CODE_SIGN_STYLE = Automatic;
				INFOPLIST_FILE = timetestUITests/Info.plist;
				LD_RUNPATH_SEARCH_PATHS = (
					"$(inherited)",
					"@executable_path/Frameworks",
					"@loader_path/Frameworks",
				);
				PRODUCT_BUNDLE_IDENTIFIER = zf.timetestUITests;
				PRODUCT_NAME = "$(TARGET_NAME)";
				SWIFT_VERSION = 4.0;
				TARGETED_DEVICE_FAMILY = "1,2";
				TEST_TARGET_NAME = timetest;
			};
			name = Release;
		};
/* End XCBuildConfiguration section */

/* Begin XCConfigurationList section */
		62B3AA61243440CB00560F6F /* Build configuration list for PBXProject "timetest" */ = {
			isa = XCConfigurationList;
			buildConfigurations = (
				62B3AAAC243440CF00560F6F /* Debug */,
				62B3AAAD243440CF00560F6F /* Release */,
			);
			defaultConfigurationIsVisible = 0;
			defaultConfigurationName = Release;
		};
		62B3AAAE243440CF00560F6F /* Build configuration list for PBXNativeTarget "timetest WatchKit Extension" */ = {
			isa = XCConfigurationList;
			buildConfigurations = (
				62B3AAAF243440CF00560F6F /* Debug */,
				62B3AAB0243440CF00560F6F /* Release */,
			);
			defaultConfigurationIsVisible = 0;
			defaultConfigurationName = Release;
		};
		62B3AAB2243440CF00560F6F /* Build configuration list for PBXNativeTarget "timetest WatchKit App" */ = {
			isa = XCConfigurationList;
			buildConfigurations = (
				62B3AAB3243440CF00560F6F /* Debug */,
				62B3AAB4243440CF00560F6F /* Release */,
			);
			defaultConfigurationIsVisible = 0;
			defaultConfigurationName = Release;
		};
		62B3AAB6243440CF00560F6F /* Build configuration list for PBXNativeTarget "timetest" */ = {
			isa = XCConfigurationList;
			buildConfigurations = (
				62B3AAB7243440CF00560F6F /* Debug */,
				62B3AAB8243440CF00560F6F /* Release */,
			);
			defaultConfigurationIsVisible = 0;
			defaultConfigurationName = Release;
		};
		62B3AAB9243440CF00560F6F /* Build configuration list for PBXNativeTarget "timetestTests" */ = {
			isa = XCConfigurationList;
			buildConfigurations = (
				62B3AABA243440CF00560F6F /* Debug */,
				62B3AABB243440CF00560F6F /* Release */,
			);
			defaultConfigurationIsVisible = 0;
			defaultConfigurationName = Release;
		};
		62B3AABC243440CF00560F6F /* Build configuration list for PBXNativeTarget "timetestUITests" */ = {
			isa = XCConfigurationList;
			buildConfigurations = (
				62B3AABD243440CF00560F6F /* Debug */,
				62B3AABE243440CF00560F6F /* Release */,
			);
			defaultConfigurationIsVisible = 0;
			defaultConfigurationName = Release;
		};
/* End XCConfigurationList section */
	};
	rootObject = 62B3AA5E243440CB00560F6F /* Project object */;
}
